
Microsoft Visual Studio Solution File, Format Version 12.00
# Visual Studio 2012
Project("{FAE04EC0-301F-11D3-BF4B-00C04F79EFBC}") = "NET_Server_Demo", "NET_Server_Demo\NET_Server_Demo.csproj", "{2425E294-131C-4757-A650-CE3D3BCD372D}"
EndProject
Global
	GlobalSection(SolutionConfigurationPlatforms) = preSolution
		Debug|Any CPU = Debug|Any CPU
		Release|Any CPU = Release|Any CPU
	EndGlobalSection
	GlobalSection(ProjectConfigurationPlatforms) = postSolution
		{2425E294-131C-4757-A650-CE3D3BCD372D}.Debug|Any CPU.ActiveCfg = Debug|Any CPU
		{2425E294-131C-4757-A650-CE3D3BCD372D}.Debug|Any CPU.Build.0 = Debug|Any CPU
		{2425E294-131C-4757-A650-CE3D3BCD372D}.Release|Any CPU.ActiveCfg = Release|Any CPU
		{2425E294-131C-4757-A650-CE3D3BCD372D}.Release|Any CPU.Build.0 = Release|Any CPU
	EndGlobalSection
	GlobalSection(SolutionProperties) = preSolution
		HideSolutionNode = FALSE
	EndGlobalSection
EndGlobal
